
Microsoft Visual Studio Solution File, Format Version 12.00
# Visual Studio 15
VisualStudioVersion = 15.0.26430.6
MinimumVisualStudioVersion = 10.0.40219.1
Project("{FAE04EC0-301F-11D3-BF4B-00C04F79EFBC}") = "UnforgottenRealms", "src\UnforgottenRealms\UnforgottenRealms.csproj", "{D0C7DFEC-B7A0-4822-A646-020FDC8443E6}"
EndProject
Project("{FAE04EC0-301F-11D3-BF4B-00C04F79EFBC}") = "UnforgottenRealms.UI", "src\UnforgottenRealms.UI\UnforgottenRealms.UI.csproj", "{BE17AAA2-2A3B-4C97-979E-E47DBD887800}"
EndProject
Global
	GlobalSection(SolutionConfigurationPlatforms) = preSolution
		Debug|Any CPU = Debug|Any CPU
		Release|Any CPU = Release|Any CPU
	EndGlobalSection
	GlobalSection(ProjectConfigurationPlatforms) = postSolution
		{D0C7DFEC-B7A0-4822-A646-020FDC8443E6}.Debug|Any CPU.ActiveCfg = Debug|Any CPU
		{D0C7DFEC-B7A0-4822-A646-020FDC8443E6}.Debug|Any CPU.Build.0 = Debug|Any CPU
		{D0C7DFEC-B7A0-4822-A646-020FDC8443E6}.Release|Any CPU.ActiveCfg = Release|Any CPU
		{D0C7DFEC-B7A0-4822-A646-020FDC8443E6}.Release|Any CPU.Build.0 = Release|Any CPU
		{BE17AAA2-2A3B-4C97-979E-E47DBD887800}.Debug|Any CPU.ActiveCfg = Debug|Any CPU
		{BE17AAA2-2A3B-4C97-979E-E47DBD887800}.Debug|Any CPU.Build.0 = Debug|Any CPU
		{BE17AAA2-2A3B-4C97-979E-E47DBD887800}.Release|Any CPU.ActiveCfg = Release|Any CPU
		{BE17AAA2-2A3B-4C97-979E-E47DBD887800}.Release|Any CPU.Build.0 = Release|Any CPU
	EndGlobalSection
	GlobalSection(SolutionProperties) = preSolution
		HideSolutionNode = FALSE
	EndGlobalSection
EndGlobal
